// !$*UTF8*$!
{
	archiveVersion = 1;
	classes = {
	};
	objectVersion = 46;
	objects = {

/* Begin PBXBuildFile section */
		E3D5B5DB1EA4E66100B31434 /* CheckListItemCell.swift in Sources */ = {isa = PBXBuildFile; fileRef = E3D5B5DA1EA4E66100B31434 /* CheckListItemCell.swift */; };
		E3FA367D1EA4DC6B00BA70B8 /* AppDelegate.swift in Sources */ = {isa = PBXBuildFile; fileRef = E3FA367C1EA4DC6B00BA70B8 /* AppDelegate.swift */; };
		E3FA367F1EA4DC6B00BA70B8 /* ChecklistViewController.swift in Sources */ = {isa = PBXBuildFile; fileRef = E3FA367E1EA4DC6B00BA70B8 /* ChecklistViewController.swift */; };
		E3FA36821EA4DC6B00BA70B8 /* Main.storyboard in Resources */ = {isa = PBXBuildFile; fileRef = E3FA36801EA4DC6B00BA70B8 /* Main.storyboard */; };
		E3FA36841EA4DC6B00BA70B8 /* Assets.xcassets in Resources */ = {isa = PBXBuildFile; fileRef = E3FA36831EA4DC6B00BA70B8 /* Assets.xcassets */; };
		E3FA36871EA4DC6B00BA70B8 /* LaunchScreen.storyboard in Resources */ = {isa = PBXBuildFile; fileRef = E3FA36851EA4DC6B00BA70B8 /* LaunchScreen.storyboard */; };
/* End PBXBuildFile section */

/* Begin PBXFileReference section */
		E3D5B5DA1EA4E66100B31434 /* CheckListItemCell.swift */ = {isa = PBXFileReference; fileEncoding = 4; lastKnownFileType = sourcecode.swift; path = CheckListItemCell.swift; sourceTree = "<group>"; };
		E3FA36791EA4DC6B00BA70B8 /* CheckList.app */ = {isa = PBXFileReference; explicitFileType = wrapper.application; includeInIndex = 0; path = CheckList.app; sourceTree = BUILT_PRODUCTS_DIR; };
		E3FA367C1EA4DC6B00BA70B8 /* AppDelegate.swift */ = {isa = PBXFileReference; lastKnownFileType = sourcecode.swift; path = AppDelegate.swift; sourceTree = "<group>"; };
		E3FA367E1EA4DC6B00BA70B8 /* ChecklistViewController.swift */ = {isa = PBXFileReference; lastKnownFileType = sourcecode.swift; path = ChecklistViewController.swift; sourceTree = "<group>"; };
		E3FA36811EA4DC6B00BA70B8 /* Base */ = {isa = PBXFileReference; lastKnownFileType = file.storyboard; name = Base; path = Base.lproj/Main.storyboard; sourceTree = "<group>"; };
		E3FA36831EA4DC6B00BA70B8 /* Assets.xcassets */ = {isa = PBXFileReference; lastKnownFileType = folder.assetcatalog; path = Assets.xcassets; sourceTree = "<group>"; };
		E3FA36861EA4DC6B00BA70B8 /* Base */ = {isa = PBXFileReference; lastKnownFileType = file.storyboard; name = Base; path = Base.lproj/LaunchScreen.storyboard; sourceTree = "<group>"; };
		E3FA36881EA4DC6B00BA70B8 /* Info.plist */ = {isa = PBXFileReference; lastKnownFileType = text.plist.xml; path = Info.plist; sourceTree = "<group>"; };
/* End PBXFileReference section */

/* Begin PBXFrameworksBuildPhase section */
		E3FA36761EA4DC6B00BA70B8 /* Frameworks */ = {
			isa = PBXFrameworksBuildPhase;
			buildActionMask = 2147483647;
			files = (
			);
			runOnlyForDeploymentPostprocessing = 0;
		};
/* End PBXFrameworksBuildPhase section */

/* Begin PBXGroup section */
		E3FA36701EA4DC6B00BA70B8 = {
			isa = PBXGroup;
			children = (
				E3FA367B1EA4DC6B00BA70B8 /* CheckList */,
				E3FA367A1EA4DC6B00BA70B8 /* Products */,
			);
			sourceTree = "<group>";
		};
		E3FA367A1EA4DC6B00BA70B8 /* Products */ = {
			isa = PBXGroup;
			children = (
				E3FA36791EA4DC6B00BA70B8 /* CheckList.app */,
			);
			name = Products;
			sourceTree = "<group>";
		};
		E3FA367B1EA4DC6B00BA70B8 /* CheckList */ = {
			isa = PBXGroup;
			children = (
				E3FA367C1EA4DC6B00BA70B8 /* AppDelegate.swift */,
				E3FA367E1EA4DC6B00BA70B8 /* ChecklistViewController.swift */,
				E3FA36801EA4DC6B00BA70B8 /* Main.storyboard */,
				E3D5B5DA1EA4E66100B31434 /* CheckListItemCell.swift */,
				E3FA36831EA4DC6B00BA70B8 /* Assets.xcassets */,
				E3FA36851EA4DC6B00BA70B8 /* LaunchScreen.storyboard */,
				E3FA36881EA4DC6B00BA70B8 /* Info.plist */,
			);
			path = CheckList;
			sourceTree = "<group>";
		};
/* End PBXGroup section */

/* Begin PBXNativeTarget section */
		E3FA36781EA4DC6B00BA70B8 /* CheckList */ = {
			isa = PBXNativeTarget;
			buildConfigurationList = E3FA368B1EA4DC6B00BA70B8 /* Build configuration list for PBXNativeTarget "CheckList" */;
			buildPhases = (
				E3FA36751EA4DC6B00BA70B8 /* Sources */,
				E3FA36761EA4DC6B00BA70B8 /* Frameworks */,
				E3FA36771EA4DC6B00BA70B8 /* Resources */,
			);
			buildRules = (
			);
			dependencies = (
			);
			name = CheckList;
			productName = CheckList;
			productReference = E3FA36791EA4DC6B00BA70B8 /* CheckList.app */;
			productType = "com.apple.product-type.application";
		};
/* End PBXNativeTarget section */

/* Begin PBXProject section */
		E3FA36711EA4DC6B00BA70B8 /* Project object */ = {
			isa = PBXProject;
			attributes = {
				LastSwiftUpdateCheck = 0830;
				LastUpgradeCheck = 0830;
				ORGANIZATIONNAME = "Nesreen Mamdouh";
				TargetAttributes = {
					E3FA36781EA4DC6B00BA70B8 = {
						CreatedOnToolsVersion = 8.3;
						ProvisioningStyle = Automatic;
					};
				};
			};
			buildConfigurationList = E3FA36741EA4DC6B00BA70B8 /* Build configuration list for PBXProject "CheckList" */;
			compatibilityVersion = "Xcode 3.2";
			developmentRegion = English;
			hasScannedForEncodings = 0;
			knownRegions = (
				en,
				Base,
			);
			mainGroup = E3FA36701EA4DC6B00BA70B8;
			productRefGroup = E3FA367A1EA4DC6B00BA70B8 /* Products */;
			projectDirPath = "";
			projectRoot = "";
			targets = (
				E3FA36781EA4DC6B00BA70B8 /* CheckList */,
			);
		};
/* End PBXProject section */

/* Begin PBXResourcesBuildPhase section */
		E3FA36771EA4DC6B00BA70B8 /* Resources */ = {
			isa = PBXResourcesBuildPhase;
			buildActionMask = 2147483647;
			files = (
				E3FA36871EA4DC6B00BA70B8 /* LaunchScreen.storyboard in Resources */,
				E3FA36841EA4DC6B00BA70B8 /* Assets.xcassets in Resources */,
				E3FA36821EA4DC6B00BA70B8 /* Main.storyboard in Resources */,
			);
			runOnlyForDeploymentPostprocessing = 0;
		};
/* End PBXResourcesBuildPhase section */

/* Begin PBXSourcesBuildPhase section */
		E3FA36751EA4DC6B00BA70B8 /* Sources */ = {
			isa = PBXSourcesBuildPhase;
			buildActionMask = 2147483647;
			files = (
				E3D5B5DB1EA4E66100B31434 /* CheckListItemCell.swift in Sources */,
				E3FA367F1EA4DC6B00BA70B8 /* ChecklistViewController.swift in Sources */,
				E3FA367D1EA4DC6B00BA70B8 /* AppDelegate.swift in Sources */,
			);
			runOnlyForDeploymentPostprocessing = 0;
		};
/* End PBXSourcesBuildPhase section */

/* Begin PBXVariantGroup section */
		E3FA36801EA4DC6B00BA70B8 /* Main.storyboard */ = {
			isa = PBXVariantGroup;
			children = (
				E3FA36811EA4DC6B00BA70B8 /* Base */,
			);
			name = Main.storyboard;
			sourceTree = "<group>";
		};
		E3FA36851EA4DC6B00BA70B8 /* LaunchScreen.storyboard */ = {
			isa = PBXVariantGroup;
			children = (
				E3FA36861EA4DC6B00BA70B8 /* Base */,
			);
			name = LaunchScreen.storyboard;
			sourceTree = "<group>";
		};
/* End PBXVariantGroup section */

/* Begin XCBuildConfiguration section */
		E3FA36891EA4DC6B00BA70B8 /* Debug */ = {
			isa = XCBuildConfiguration;
			buildSettings = {
				ALWAYS_SEARCH_USER_PATHS = NO;
				CLANG_ANALYZER_NONNULL = YES;
				CLANG_ANALYZER_NUMBER_OBJECT_CONVERSION = YES_AGGRESSIVE;
				CLANG_CXX_LANGUAGE_STANDARD = "gnu++0x";
				CLANG_CXX_LIBRARY = "libc++";
				CLANG_ENABLE_MODULES = YES;
				CLANG_ENABLE_OBJC_ARC = YES;
				CLANG_WARN_BOOL_CONVERSION = YES;
				CLANG_WARN_CONSTANT_CONVERSION = YES;
				CLANG_WARN_DIRECT_OBJC_ISA_USAGE = YES_ERROR;
				CLANG_WARN_DOCUMENTATION_COMMENTS = YES;
				CLANG_WARN_EMPTY_BODY = YES;
				CLANG_WARN_ENUM_CONVERSION = YES;
				CLANG_WARN_INFINITE_RECURSION = YES;
				CLANG_WARN_INT_CONVERSION = YES;
				CLANG_WARN_OBJC_ROOT_CLASS = YES_ERROR;
				CLANG_WARN_SUSPICIOUS_MOVE = YES;
				CLANG_WARN_UNREACHABLE_CODE = YES;
				CLANG_WARN__DUPLICATE_METHOD_MATCH = YES;
				"CODE_SIGN_IDENTITY[sdk=iphoneos*]" = "iPhone Developer";
				COPY_PHASE_STRIP = NO;
				DEBUG_INFORMATION_FORMAT = dwarf;
				ENABLE_STRICT_OBJC_MSGSEND = YES;
				ENABLE_TESTABILITY = YES;
				GCC_C_LANGUAGE_STANDARD = gnu99;
				GCC_DYNAMIC_NO_PIC = NO;
				GCC_NO_COMMON_BLOCKS = YES;
				GCC_OPTIMIZATION_LEVEL = 0;
				GCC_PREPROCESSOR_DEFINITIONS = (
					"DEBUG=1",
					"$(inherited)",
				);
				GCC_WARN_64_TO_32_BIT_CONVERSION = YES;
				GCC_WARN_ABOUT_RETURN_TYPE = YES_ERROR;
				GCC_WARN_UNDECLARED_SELECTOR = YES;
				GCC_WARN_UNINITIALIZED_AUTOS = YES_AGGRESSIVE;
				GCC_WARN_UNUSED_FUNCTION = YES;
				GCC_WARN_UNUSED_VARIABLE = YES;
				IPHONEOS_DEPLOYMENT_TARGET = 10.3;
				MTL_ENABLE_DEBUG_INFO = YES;
				ONLY_ACTIVE_ARCH = YES;
				SDKROOT = iphoneos;
				SWIFT_ACTIVE_COMPILATION_CONDITIONS = DEBUG;
				SWIFT_OPTIMIZATION_LEVEL = "-Onone";
			};
			name = Debug;
		};
		E3FA368A1EA4DC6B00BA70B8 /* Release */ = {
			isa = XCBuildConfiguration;
			buildSettings = {
				ALWAYS_SEARCH_USER_PATHS = NO;
				CLANG_ANALYZER_NONNULL = YES;
				CLANG_ANALYZER_NUMBER_OBJECT_CONVERSION = YES_AGGRESSIVE;
				CLANG_CXX_LANGUAGE_STANDARD = "gnu++0x";
				CLANG_CXX_LIBRARY = "libc++";
				CLANG_ENABLE_MODULES = YES;
				CLANG_ENABLE_OBJC_ARC = YES;
				CLANG_WARN_BOOL_CONVERSION = YES;
				CLANG_WARN_CONSTANT_CONVERSION = YES;
				CLANG_WARN_DIRECT_OBJC_ISA_USAGE = YES_ERROR;
				CLANG_WARN_DOCUMENTATION_COMMENTS = YES;
				CLANG_WARN_EMPTY_BODY = YES;
				CLANG_WARN_ENUM_CONVERSION = YES;
				CLANG_WARN_INFINITE_RECURSION = YES;
				CLANG_WARN_INT_CONVERSION = YES;
				CLANG_WARN_OBJC_ROOT_CLASS = YES_ERROR;
				CLANG_WARN_SUSPICIOUS_MOVE = YES;
				CLANG_WARN_UNREACHABLE_CODE = YES;
				CLANG_WARN__DUPLICATE_METHOD_MATCH = YES;
				"CODE_SIGN_IDENTITY[sdk=iphoneos*]" = "iPhone Developer";
				COPY_PHASE_STRIP = NO;
				DEBUG_INFORMATION_FORMAT = "dwarf-with-dsym";
				ENABLE_NS_ASSERTIONS = NO;
				ENABLE_STRICT_OBJC_MSGSEND = YES;
				GCC_C_LANGUAGE_STANDARD = gnu99;
				GCC_NO_COMMON_BLOCKS = YES;
				GCC_WARN_64_TO_32_BIT_CONVERSION = YES;
				GCC_WARN_ABOUT_RETURN_TYPE = YES_ERROR;
				GCC_WARN_UNDECLARED_SELECTOR = YES;
				GCC_WARN_UNINITIALIZED_AUTOS = YES_AGGRESSIVE;
				GCC_WARN_UNUSED_FUNCTION = YES;
				GCC_WARN_UNUSED_VARIABLE = YES;
				IPHONEOS_DEPLOYMENT_TARGET = 10.3;
				MTL_ENABLE_DEBUG_INFO = NO;
				SDKROOT = iphoneos;
				SWIFT_OPTIMIZATION_LEVEL = "-Owholemodule";
				VALIDATE_PRODUCT = YES;
			};
			name = Release;
		};
		E3FA368C1EA4DC6B00BA70B8 /* Debug */ = {
			isa = XCBuildConfiguration;
			buildSettings = {
				ASSETCATALOG_COMPILER_APPICON_NAME = AppIcon;
				INFOPLIST_FILE = CheckList/Info.plist;
				LD_RUNPATH_SEARCH_PATHS = "$(inherited) @executable_path/Frameworks";
				PRODUCT_BUNDLE_IDENTIFIER = com.nesreen.test.CheckList;
				PRODUCT_NAME = "$(TARGET_NAME)";
				SWIFT_VERSION = 3.0;
			};
			name = Debug;
		};
		E3FA368D1EA4DC6B00BA70B8 /* Release */ = {
			isa = XCBuildConfiguration;
			buildSettings = {
				ASSETCATALOG_COMPILER_APPICON_NAME = AppIcon;
				INFOPLIST_FILE = CheckList/Info.plist;
				LD_RUNPATH_SEARCH_PATHS = "$(inherited) @executable_path/Frameworks";
				PRODUCT_BUNDLE_IDENTIFIER = com.nesreen.test.CheckList;
				PRODUCT_NAME = "$(TARGET_NAME)";
				SWIFT_VERSION = 3.0;
			};
			name = Release;
		};
/* End XCBuildConfiguration section */

/* Begin XCConfigurationList section */
		E3FA36741EA4DC6B00BA70B8 /* Build configuration list for PBXProject "CheckList" */ = {
			isa = XCConfigurationList;
			buildConfigurations = (
				E3FA36891EA4DC6B00BA70B8 /* Debug */,
				E3FA368A1EA4DC6B00BA70B8 /* Release */,
			);
			defaultConfigurationIsVisible = 0;
			defaultConfigurationName = Release;
		};
		E3FA368B1EA4DC6B00BA70B8 /* Build configuration list for PBXNativeTarget "CheckList" */ = {
			isa = XCConfigurationList;
			buildConfigurations = (
				E3FA368C1EA4DC6B00BA70B8 /* Debug */,
				E3FA368D1EA4DC6B00BA70B8 /* Release */,
			);
			defaultConfigurationIsVisible = 0;
			defaultConfigurationName = Release;
		};
/* End XCConfigurationList section */
	};
	rootObject = E3FA36711EA4DC6B00BA70B8 /* Project object */;
}
